
Microsoft Visual Studio Solution File, Format Version 12.00
# Visual Studio 15
Project("{FAE04EC0-301F-11D3-BF4B-00C04F79EFBC}") = "Assembly-CSharp", "Assembly-CSharp.csproj", "{45A79D16-CEBA-C716-D3E6-04A981C7EB98}"
EndProject
Project("{FAE04EC0-301F-11D3-BF4B-00C04F79EFBC}") = "NaughtyAttributes.Core", "NaughtyAttributes.Core.csproj", "{BBCF6253-C37C-4750-08B1-4A4C90F4F8D6}"
EndProject
Project("{FAE04EC0-301F-11D3-BF4B-00C04F79EFBC}") = "RootMotion", "RootMotion.csproj", "{802942B7-8E77-F891-66F4-73F5FFF55789}"
EndProject
Project("{FAE04EC0-301F-11D3-BF4B-00C04F79EFBC}") = "RootMotionEditor", "RootMotionEditor.csproj", "{69D3E7EC-3C83-355A-7DFE-7360B8BC7AA0}"
EndProject
Project("{FAE04EC0-301F-11D3-BF4B-00C04F79EFBC}") = "Firesplash.GameDevAssets.SocketIO", "Firesplash.GameDevAssets.SocketIO.csproj", "{0A03466C-DB5C-EA7B-A284-C2FB55ACFB98}"
EndProject
Project("{FAE04EC0-301F-11D3-BF4B-00C04F79EFBC}") = "NaughtyAttributes.Editor", "NaughtyAttributes.Editor.csproj", "{D0CBC4F4-B14E-D7E4-B071-E705FCF4AD98}"
EndProject
Project("{FAE04EC0-301F-11D3-BF4B-00C04F79EFBC}") = "Unity.WebRTC.Samples", "Unity.WebRTC.Samples.csproj", "{CE5A8819-8116-0CB3-9576-A2F99D6FCDDC}"
EndProject
Project("{FAE04EC0-301F-11D3-BF4B-00C04F79EFBC}") = "Assembly-CSharp-Editor", "Assembly-CSharp-Editor.csproj", "{4B140358-2780-320B-D0CF-0996C54A6677}"
EndProject
Project("{FAE04EC0-301F-11D3-BF4B-00C04F79EFBC}") = "Unity.WebRTC.Samples.Editror", "Unity.WebRTC.Samples.Editror.csproj", "{2FD0DEA0-8A67-9B1D-619B-887723F67116}"
EndProject
Global
	GlobalSection(SolutionConfigurationPlatforms) = preSolution
		Debug|Any CPU = Debug|Any CPU
		Release|Any CPU = Release|Any CPU
	EndGlobalSection
	GlobalSection(ProjectConfigurationPlatforms) = postSolution
		{45A79D16-CEBA-C716-D3E6-04A981C7EB98}.Debug|Any CPU.ActiveCfg = Debug|Any CPU
		{45A79D16-CEBA-C716-D3E6-04A981C7EB98}.Debug|Any CPU.Build.0 = Debug|Any CPU
		{45A79D16-CEBA-C716-D3E6-04A981C7EB98}.Release|Any CPU.ActiveCfg = Release|Any CPU
		{45A79D16-CEBA-C716-D3E6-04A981C7EB98}.Release|Any CPU.Build.0 = Release|Any CPU
		{BBCF6253-C37C-4750-08B1-4A4C90F4F8D6}.Debug|Any CPU.ActiveCfg = Debug|Any CPU
		{BBCF6253-C37C-4750-08B1-4A4C90F4F8D6}.Debug|Any CPU.Build.0 = Debug|Any CPU
		{BBCF6253-C37C-4750-08B1-4A4C90F4F8D6}.Release|Any CPU.ActiveCfg = Release|Any CPU
		{BBCF6253-C37C-4750-08B1-4A4C90F4F8D6}.Release|Any CPU.Build.0 = Release|Any CPU
		{802942B7-8E77-F891-66F4-73F5FFF55789}.Debug|Any CPU.ActiveCfg = Debug|Any CPU
		{802942B7-8E77-F891-66F4-73F5FFF55789}.Debug|Any CPU.Build.0 = Debug|Any CPU
		{802942B7-8E77-F891-66F4-73F5FFF55789}.Release|Any CPU.ActiveCfg = Release|Any CPU
		{802942B7-8E77-F891-66F4-73F5FFF55789}.Release|Any CPU.Build.0 = Release|Any CPU
		{69D3E7EC-3C83-355A-7DFE-7360B8BC7AA0}.Debug|Any CPU.ActiveCfg = Debug|Any CPU
		{69D3E7EC-3C83-355A-7DFE-7360B8BC7AA0}.Debug|Any CPU.Build.0 = Debug|Any CPU
		{69D3E7EC-3C83-355A-7DFE-7360B8BC7AA0}.Release|Any CPU.ActiveCfg = Release|Any CPU
		{69D3E7EC-3C83-355A-7DFE-7360B8BC7AA0}.Release|Any CPU.Build.0 = Release|Any CPU
		{0A03466C-DB5C-EA7B-A284-C2FB55ACFB98}.Debug|Any CPU.ActiveCfg = Debug|Any CPU
		{0A03466C-DB5C-EA7B-A284-C2FB55ACFB98}.Debug|Any CPU.Build.0 = Debug|Any CPU
		{0A03466C-DB5C-EA7B-A284-C2FB55ACFB98}.Release|Any CPU.ActiveCfg = Release|Any CPU
		{0A03466C-DB5C-EA7B-A284-C2FB55ACFB98}.Release|Any CPU.Build.0 = Release|Any CPU
		{D0CBC4F4-B14E-D7E4-B071-E705FCF4AD98}.Debug|Any CPU.ActiveCfg = Debug|Any CPU
		{D0CBC4F4-B14E-D7E4-B071-E705FCF4AD98}.Debug|Any CPU.Build.0 = Debug|Any CPU
		{D0CBC4F4-B14E-D7E4-B071-E705FCF4AD98}.Release|Any CPU.ActiveCfg = Release|Any CPU
		{D0CBC4F4-B14E-D7E4-B071-E705FCF4AD98}.Release|Any CPU.Build.0 = Release|Any CPU
		{CE5A8819-8116-0CB3-9576-A2F99D6FCDDC}.Debug|Any CPU.ActiveCfg = Debug|Any CPU
		{CE5A8819-8116-0CB3-9576-A2F99D6FCDDC}.Debug|Any CPU.Build.0 = Debug|Any CPU
		{CE5A8819-8116-0CB3-9576-A2F99D6FCDDC}.Release|Any CPU.ActiveCfg = Release|Any CPU
		{CE5A8819-8116-0CB3-9576-A2F99D6FCDDC}.Release|Any CPU.Build.0 = Release|Any CPU
		{4B140358-2780-320B-D0CF-0996C54A6677}.Debug|Any CPU.ActiveCfg = Debug|Any CPU
		{4B140358-2780-320B-D0CF-0996C54A6677}.Debug|Any CPU.Build.0 = Debug|Any CPU
		{4B140358-2780-320B-D0CF-0996C54A6677}.Release|Any CPU.ActiveCfg = Release|Any CPU
		{4B140358-2780-320B-D0CF-0996C54A6677}.Release|Any CPU.Build.0 = Release|Any CPU
		{2FD0DEA0-8A67-9B1D-619B-887723F67116}.Debug|Any CPU.ActiveCfg = Debug|Any CPU
		{2FD0DEA0-8A67-9B1D-619B-887723F67116}.Debug|Any CPU.Build.0 = Debug|Any CPU
		{2FD0DEA0-8A67-9B1D-619B-887723F67116}.Release|Any CPU.ActiveCfg = Release|Any CPU
		{2FD0DEA0-8A67-9B1D-619B-887723F67116}.Release|Any CPU.Build.0 = Release|Any CPU
	EndGlobalSection
	GlobalSection(SolutionProperties) = preSolution
		HideSolutionNode = FALSE
	EndGlobalSection
EndGlobal
